// !$*UTF8*$!
{
	archiveVersion = 1;
	classes = {
	};
	objectVersion = 46;
	objects = {

/* Begin PBXBuildFile section */
		CE1942C61A8BFE480052E41D /* main.m in Sources */ = {isa = PBXBuildFile; fileRef = CE1942C51A8BFE480052E41D /* main.m */; };
		CE1942D41A8BFE480052E41D /* Images.xcassets in Resources */ = {isa = PBXBuildFile; fileRef = CE1942D31A8BFE480052E41D /* Images.xcassets */; };
		CE1942E31A8BFE480052E41D /* Vehicle_RecorderTests.m in Sources */ = {isa = PBXBuildFile; fileRef = CE1942E21A8BFE480052E41D /* Vehicle_RecorderTests.m */; };
		CE1942EF1A8C058F0052E41D /* AppDelegate.m in Sources */ = {isa = PBXBuildFile; fileRef = CE1942EE1A8C058F0052E41D /* AppDelegate.m */; };
		CE1942F21A8C0FC40052E41D /* Storyboard.storyboard in Resources */ = {isa = PBXBuildFile; fileRef = CE1942F11A8C0FC40052E41D /* Storyboard.storyboard */; };
		CE1942F71A8C1A230052E41D /* LaunchScreen.xib in Resources */ = {isa = PBXBuildFile; fileRef = CE1942F61A8C1A230052E41D /* LaunchScreen.xib */; };
		CE1942FD1A8C4C960052E41D /* ESFVehicleViewController.m in Sources */ = {isa = PBXBuildFile; fileRef = CE1942FC1A8C4C960052E41D /* ESFVehicleViewController.m */; };
		CECB49661A8CE72D006AEB42 /* libsqlite3.dylib in Frameworks */ = {isa = PBXBuildFile; fileRef = CECB49651A8CE72D006AEB42 /* libsqlite3.dylib */; };
		CECB496D1A8CEE5D006AEB42 /* ESFVehicles.m in Sources */ = {isa = PBXBuildFile; fileRef = CECB496C1A8CEE5D006AEB42 /* ESFVehicles.m */; };
		CECB49701A8CEEB6006AEB42 /* ESFVehicle.m in Sources */ = {isa = PBXBuildFile; fileRef = CECB496F1A8CEEB6006AEB42 /* ESFVehicle.m */; };
		CECB49721A8D8C30006AEB42 /* CoreLocation.framework in Frameworks */ = {isa = PBXBuildFile; fileRef = CECB49711A8D8C30006AEB42 /* CoreLocation.framework */; };
/* End PBXBuildFile section */

/* Begin PBXContainerItemProxy section */
		CE1942DD1A8BFE480052E41D /* PBXContainerItemProxy */ = {
			isa = PBXContainerItemProxy;
			containerPortal = CE1942B81A8BFE480052E41D /* Project object */;
			proxyType = 1;
			remoteGlobalIDString = CE1942BF1A8BFE480052E41D;
			remoteInfo = "Vehicle Recorder";
		};
/* End PBXContainerItemProxy section */

/* Begin PBXFileReference section */
		CE1942C01A8BFE480052E41D /* Vehicle Recorder.app */ = {isa = PBXFileReference; explicitFileType = wrapper.application; includeInIndex = 0; path = "Vehicle Recorder.app"; sourceTree = BUILT_PRODUCTS_DIR; };
		CE1942C41A8BFE480052E41D /* Info.plist */ = {isa = PBXFileReference; lastKnownFileType = text.plist.xml; path = Info.plist; sourceTree = "<group>"; };
		CE1942C51A8BFE480052E41D /* main.m */ = {isa = PBXFileReference; lastKnownFileType = sourcecode.c.objc; path = main.m; sourceTree = "<group>"; };
		CE1942D31A8BFE480052E41D /* Images.xcassets */ = {isa = PBXFileReference; lastKnownFileType = folder.assetcatalog; path = Images.xcassets; sourceTree = "<group>"; };
		CE1942DC1A8BFE480052E41D /* Vehicle RecorderTests.xctest */ = {isa = PBXFileReference; explicitFileType = wrapper.cfbundle; includeInIndex = 0; path = "Vehicle RecorderTests.xctest"; sourceTree = BUILT_PRODUCTS_DIR; };
		CE1942E11A8BFE480052E41D /* Info.plist */ = {isa = PBXFileReference; lastKnownFileType = text.plist.xml; path = Info.plist; sourceTree = "<group>"; };
		CE1942E21A8BFE480052E41D /* Vehicle_RecorderTests.m */ = {isa = PBXFileReference; lastKnownFileType = sourcecode.c.objc; path = Vehicle_RecorderTests.m; sourceTree = "<group>"; };
		CE1942ED1A8C058F0052E41D /* AppDelegate.h */ = {isa = PBXFileReference; fileEncoding = 4; lastKnownFileType = sourcecode.c.h; name = AppDelegate.h; path = "Vehicle Recorder/AppDelegate.h"; sourceTree = "<group>"; };
		CE1942EE1A8C058F0052E41D /* AppDelegate.m */ = {isa = PBXFileReference; fileEncoding = 4; lastKnownFileType = sourcecode.c.objc; name = AppDelegate.m; path = "Vehicle Recorder/AppDelegate.m"; sourceTree = "<group>"; };
		CE1942F11A8C0FC40052E41D /* Storyboard.storyboard */ = {isa = PBXFileReference; fileEncoding = 4; lastKnownFileType = file.storyboard; path = Storyboard.storyboard; sourceTree = "<group>"; };
		CE1942F61A8C1A230052E41D /* LaunchScreen.xib */ = {isa = PBXFileReference; fileEncoding = 4; lastKnownFileType = file.xib; path = LaunchScreen.xib; sourceTree = "<group>"; };
		CE1942FB1A8C4C960052E41D /* ESFVehicleViewController.h */ = {isa = PBXFileReference; fileEncoding = 4; lastKnownFileType = sourcecode.c.h; path = ESFVehicleViewController.h; sourceTree = "<group>"; };
		CE1942FC1A8C4C960052E41D /* ESFVehicleViewController.m */ = {isa = PBXFileReference; fileEncoding = 4; lastKnownFileType = sourcecode.c.objc; path = ESFVehicleViewController.m; sourceTree = "<group>"; };
		CECB49651A8CE72D006AEB42 /* libsqlite3.dylib */ = {isa = PBXFileReference; lastKnownFileType = "compiled.mach-o.dylib"; name = libsqlite3.dylib; path = usr/lib/libsqlite3.dylib; sourceTree = SDKROOT; };
		CECB496B1A8CEE5D006AEB42 /* ESFVehicles.h */ = {isa = PBXFileReference; fileEncoding = 4; lastKnownFileType = sourcecode.c.h; path = ESFVehicles.h; sourceTree = "<group>"; };
		CECB496C1A8CEE5D006AEB42 /* ESFVehicles.m */ = {isa = PBXFileReference; fileEncoding = 4; lastKnownFileType = sourcecode.c.objc; path = ESFVehicles.m; sourceTree = "<group>"; };
		CECB496E1A8CEEB6006AEB42 /* ESFVehicle.h */ = {isa = PBXFileReference; fileEncoding = 4; lastKnownFileType = sourcecode.c.h; path = ESFVehicle.h; sourceTree = "<group>"; };
		CECB496F1A8CEEB6006AEB42 /* ESFVehicle.m */ = {isa = PBXFileReference; fileEncoding = 4; lastKnownFileType = sourcecode.c.objc; path = ESFVehicle.m; sourceTree = "<group>"; };
		CECB49711A8D8C30006AEB42 /* CoreLocation.framework */ = {isa = PBXFileReference; lastKnownFileType = wrapper.framework; name = CoreLocation.framework; path = System/Library/Frameworks/CoreLocation.framework; sourceTree = SDKROOT; };
/* End PBXFileReference section */

/* Begin PBXFrameworksBuildPhase section */
		CE1942BD1A8BFE480052E41D /* Frameworks */ = {
			isa = PBXFrameworksBuildPhase;
			buildActionMask = 2147483647;
			files = (
				CECB49721A8D8C30006AEB42 /* CoreLocation.framework in Frameworks */,
				CECB49661A8CE72D006AEB42 /* libsqlite3.dylib in Frameworks */,
			);
			runOnlyForDeploymentPostprocessing = 0;
		};
		CE1942D91A8BFE480052E41D /* Frameworks */ = {
			isa = PBXFrameworksBuildPhase;
			buildActionMask = 2147483647;
			files = (
			);
			runOnlyForDeploymentPostprocessing = 0;
		};
/* End PBXFrameworksBuildPhase section */

/* Begin PBXGroup section */
		CE1942B71A8BFE480052E41D = {
			isa = PBXGroup;
			children = (
				CECB49711A8D8C30006AEB42 /* CoreLocation.framework */,
				CECB49651A8CE72D006AEB42 /* libsqlite3.dylib */,
				CE1942ED1A8C058F0052E41D /* AppDelegate.h */,
				CE1942EE1A8C058F0052E41D /* AppDelegate.m */,
				CE1942C21A8BFE480052E41D /* Vehicle Recorder */,
				CE1942DF1A8BFE480052E41D /* Vehicle RecorderTests */,
				CE1942C11A8BFE480052E41D /* Products */,
			);
			sourceTree = "<group>";
		};
		CE1942C11A8BFE480052E41D /* Products */ = {
			isa = PBXGroup;
			children = (
				CE1942C01A8BFE480052E41D /* Vehicle Recorder.app */,
				CE1942DC1A8BFE480052E41D /* Vehicle RecorderTests.xctest */,
			);
			name = Products;
			sourceTree = "<group>";
		};
		CE1942C21A8BFE480052E41D /* Vehicle Recorder */ = {
			isa = PBXGroup;
			children = (
				CECB49671A8CECE3006AEB42 /* model */,
				CE1942FA1A8C4AD30052E41D /* Controllers */,
				CE1942F01A8C0F0D0052E41D /* stories */,
				CE1942D31A8BFE480052E41D /* Images.xcassets */,
				CE1942C31A8BFE480052E41D /* Supporting Files */,
			);
			path = "Vehicle Recorder";
			sourceTree = "<group>";
		};
		CE1942C31A8BFE480052E41D /* Supporting Files */ = {
			isa = PBXGroup;
			children = (
				CE1942C41A8BFE480052E41D /* Info.plist */,
				CE1942C51A8BFE480052E41D /* main.m */,
			);
			name = "Supporting Files";
			sourceTree = "<group>";
		};
		CE1942DF1A8BFE480052E41D /* Vehicle RecorderTests */ = {
			isa = PBXGroup;
			children = (
				CE1942E21A8BFE480052E41D /* Vehicle_RecorderTests.m */,
				CE1942E01A8BFE480052E41D /* Supporting Files */,
			);
			path = "Vehicle RecorderTests";
			sourceTree = "<group>";
		};
		CE1942E01A8BFE480052E41D /* Supporting Files */ = {
			isa = PBXGroup;
			children = (
				CE1942E11A8BFE480052E41D /* Info.plist */,
			);
			name = "Supporting Files";
			sourceTree = "<group>";
		};
		CE1942F01A8C0F0D0052E41D /* stories */ = {
			isa = PBXGroup;
			children = (
				CE1942F11A8C0FC40052E41D /* Storyboard.storyboard */,
				CE1942F61A8C1A230052E41D /* LaunchScreen.xib */,
			);
			path = stories;
			sourceTree = "<group>";
		};
		CE1942FA1A8C4AD30052E41D /* Controllers */ = {
			isa = PBXGroup;
			children = (
				CE1942FB1A8C4C960052E41D /* ESFVehicleViewController.h */,
				CE1942FC1A8C4C960052E41D /* ESFVehicleViewController.m */,
			);
			name = Controllers;
			path = controllers;
			sourceTree = "<group>";
		};
		CECB49671A8CECE3006AEB42 /* model */ = {
			isa = PBXGroup;
			children = (
				CECB496B1A8CEE5D006AEB42 /* ESFVehicles.h */,
				CECB496C1A8CEE5D006AEB42 /* ESFVehicles.m */,
				CECB496E1A8CEEB6006AEB42 /* ESFVehicle.h */,
				CECB496F1A8CEEB6006AEB42 /* ESFVehicle.m */,
			);
			path = model;
			sourceTree = "<group>";
		};
/* End PBXGroup section */

/* Begin PBXNativeTarget section */
		CE1942BF1A8BFE480052E41D /* Vehicle Recorder */ = {
			isa = PBXNativeTarget;
			buildConfigurationList = CE1942E61A8BFE480052E41D /* Build configuration list for PBXNativeTarget "Vehicle Recorder" */;
			buildPhases = (
				CE1942BC1A8BFE480052E41D /* Sources */,
				CE1942BD1A8BFE480052E41D /* Frameworks */,
				CE1942BE1A8BFE480052E41D /* Resources */,
			);
			buildRules = (
			);
			dependencies = (
			);
			name = "Vehicle Recorder";
			productName = "Vehicle Recorder";
			productReference = CE1942C01A8BFE480052E41D /* Vehicle Recorder.app */;
			productType = "com.apple.product-type.application";
		};
		CE1942DB1A8BFE480052E41D /* Vehicle RecorderTests */ = {
			isa = PBXNativeTarget;
			buildConfigurationList = CE1942E91A8BFE480052E41D /* Build configuration list for PBXNativeTarget "Vehicle RecorderTests" */;
			buildPhases = (
				CE1942D81A8BFE480052E41D /* Sources */,
				CE1942D91A8BFE480052E41D /* Frameworks */,
				CE1942DA1A8BFE480052E41D /* Resources */,
			);
			buildRules = (
			);
			dependencies = (
				CE1942DE1A8BFE480052E41D /* PBXTargetDependency */,
			);
			name = "Vehicle RecorderTests";
			productName = "Vehicle RecorderTests";
			productReference = CE1942DC1A8BFE480052E41D /* Vehicle RecorderTests.xctest */;
			productType = "com.apple.product-type.bundle.unit-test";
		};
/* End PBXNativeTarget section */

/* Begin PBXProject section */
		CE1942B81A8BFE480052E41D /* Project object */ = {
			isa = PBXProject;
			attributes = {
				LastUpgradeCheck = 0610;
				ORGANIZATIONNAME = Fernando;
				TargetAttributes = {
					CE1942BF1A8BFE480052E41D = {
						CreatedOnToolsVersion = 6.1.1;
					};
					CE1942DB1A8BFE480052E41D = {
						CreatedOnToolsVersion = 6.1.1;
						TestTargetID = CE1942BF1A8BFE480052E41D;
					};
				};
			};
			buildConfigurationList = CE1942BB1A8BFE480052E41D /* Build configuration list for PBXProject "Vehicle Recorder" */;
			compatibilityVersion = "Xcode 3.2";
			developmentRegion = English;
			hasScannedForEncodings = 0;
			knownRegions = (
				en,
				Base,
			);
			mainGroup = CE1942B71A8BFE480052E41D;
			productRefGroup = CE1942C11A8BFE480052E41D /* Products */;
			projectDirPath = "";
			projectRoot = "";
			targets = (
				CE1942BF1A8BFE480052E41D /* Vehicle Recorder */,
				CE1942DB1A8BFE480052E41D /* Vehicle RecorderTests */,
			);
		};
/* End PBXProject section */

/* Begin PBXResourcesBuildPhase section */
		CE1942BE1A8BFE480052E41D /* Resources */ = {
			isa = PBXResourcesBuildPhase;
			buildActionMask = 2147483647;
			files = (
				CE1942D41A8BFE480052E41D /* Images.xcassets in Resources */,
				CE1942F71A8C1A230052E41D /* LaunchScreen.xib in Resources */,
				CE1942F21A8C0FC40052E41D /* Storyboard.storyboard in Resources */,
			);
			runOnlyForDeploymentPostprocessing = 0;
		};
		CE1942DA1A8BFE480052E41D /* Resources */ = {
			isa = PBXResourcesBuildPhase;
			buildActionMask = 2147483647;
			files = (
			);
			runOnlyForDeploymentPostprocessing = 0;
		};
/* End PBXResourcesBuildPhase section */

/* Begin PBXSourcesBuildPhase section */
		CE1942BC1A8BFE480052E41D /* Sources */ = {
			isa = PBXSourcesBuildPhase;
			buildActionMask = 2147483647;
			files = (
				CE1942FD1A8C4C960052E41D /* ESFVehicleViewController.m in Sources */,
				CECB496D1A8CEE5D006AEB42 /* ESFVehicles.m in Sources */,
				CE1942EF1A8C058F0052E41D /* AppDelegate.m in Sources */,
				CECB49701A8CEEB6006AEB42 /* ESFVehicle.m in Sources */,
				CE1942C61A8BFE480052E41D /* main.m in Sources */,
			);
			runOnlyForDeploymentPostprocessing = 0;
		};
		CE1942D81A8BFE480052E41D /* Sources */ = {
			isa = PBXSourcesBuildPhase;
			buildActionMask = 2147483647;
			files = (
				CE1942E31A8BFE480052E41D /* Vehicle_RecorderTests.m in Sources */,
			);
			runOnlyForDeploymentPostprocessing = 0;
		};
/* End PBXSourcesBuildPhase section */

/* Begin PBXTargetDependency section */
		CE1942DE1A8BFE480052E41D /* PBXTargetDependency */ = {
			isa = PBXTargetDependency;
			target = CE1942BF1A8BFE480052E41D /* Vehicle Recorder */;
			targetProxy = CE1942DD1A8BFE480052E41D /* PBXContainerItemProxy */;
		};
/* End PBXTargetDependency section */

/* Begin XCBuildConfiguration section */
		CE1942E41A8BFE480052E41D /* Debug */ = {
			isa = XCBuildConfiguration;
			buildSettings = {
				ALWAYS_SEARCH_USER_PATHS = NO;
				CLANG_CXX_LANGUAGE_STANDARD = "gnu++0x";
				CLANG_CXX_LIBRARY = "libc++";
				CLANG_ENABLE_MODULES = YES;
				CLANG_ENABLE_OBJC_ARC = YES;
				CLANG_WARN_BOOL_CONVERSION = YES;
				CLANG_WARN_CONSTANT_CONVERSION = YES;
				CLANG_WARN_DIRECT_OBJC_ISA_USAGE = YES_ERROR;
				CLANG_WARN_EMPTY_BODY = YES;
				CLANG_WARN_ENUM_CONVERSION = YES;
				CLANG_WARN_INT_CONVERSION = YES;
				CLANG_WARN_OBJC_ROOT_CLASS = YES_ERROR;
				CLANG_WARN_UNREACHABLE_CODE = YES;
				CLANG_WARN__DUPLICATE_METHOD_MATCH = YES;
				"CODE_SIGN_IDENTITY[sdk=iphoneos*]" = "iPhone Developer";
				COPY_PHASE_STRIP = NO;
				ENABLE_STRICT_OBJC_MSGSEND = YES;
				GCC_C_LANGUAGE_STANDARD = gnu99;
				GCC_DYNAMIC_NO_PIC = NO;
				GCC_OPTIMIZATION_LEVEL = 0;
				GCC_PREPROCESSOR_DEFINITIONS = (
					"DEBUG=1",
					"$(inherited)",
				);
				GCC_SYMBOLS_PRIVATE_EXTERN = NO;
				GCC_WARN_64_TO_32_BIT_CONVERSION = YES;
				GCC_WARN_ABOUT_RETURN_TYPE = YES_ERROR;
				GCC_WARN_UNDECLARED_SELECTOR = YES;
				GCC_WARN_UNINITIALIZED_AUTOS = YES_AGGRESSIVE;
				GCC_WARN_UNUSED_FUNCTION = YES;
				GCC_WARN_UNUSED_VARIABLE = YES;
				IPHONEOS_DEPLOYMENT_TARGET = 8.1;
				MTL_ENABLE_DEBUG_INFO = YES;
				ONLY_ACTIVE_ARCH = YES;
				SDKROOT = iphoneos;
				TARGETED_DEVICE_FAMILY = "1,2";
			};
			name = Debug;
		};
		CE1942E51A8BFE480052E41D /* Release */ = {
			isa = XCBuildConfiguration;
			buildSettings = {
				ALWAYS_SEARCH_USER_PATHS = NO;
				CLANG_CXX_LANGUAGE_STANDARD = "gnu++0x";
				CLANG_CXX_LIBRARY = "libc++";
				CLANG_ENABLE_MODULES = YES;
				CLANG_ENABLE_OBJC_ARC = YES;
				CLANG_WARN_BOOL_CONVERSION = YES;
				CLANG_WARN_CONSTANT_CONVERSION = YES;
				CLANG_WARN_DIRECT_OBJC_ISA_USAGE = YES_ERROR;
				CLANG_WARN_EMPTY_BODY = YES;
				CLANG_WARN_ENUM_CONVERSION = YES;
				CLANG_WARN_INT_CONVERSION = YES;
				CLANG_WARN_OBJC_ROOT_CLASS = YES_ERROR;
				CLANG_WARN_UNREACHABLE_CODE = YES;
				CLANG_WARN__DUPLICATE_METHOD_MATCH = YES;
				"CODE_SIGN_IDENTITY[sdk=iphoneos*]" = "iPhone Developer";
				COPY_PHASE_STRIP = YES;
				ENABLE_NS_ASSERTIONS = NO;
				ENABLE_STRICT_OBJC_MSGSEND = YES;
				GCC_C_LANGUAGE_STANDARD = gnu99;
				GCC_WARN_64_TO_32_BIT_CONVERSION = YES;
				GCC_WARN_ABOUT_RETURN_TYPE = YES_ERROR;
				GCC_WARN_UNDECLARED_SELECTOR = YES;
				GCC_WARN_UNINITIALIZED_AUTOS = YES_AGGRESSIVE;
				GCC_WARN_UNUSED_FUNCTION = YES;
				GCC_WARN_UNUSED_VARIABLE = YES;
				IPHONEOS_DEPLOYMENT_TARGET = 8.1;
				MTL_ENABLE_DEBUG_INFO = NO;
				SDKROOT = iphoneos;
				TARGETED_DEVICE_FAMILY = "1,2";
				VALIDATE_PRODUCT = YES;
			};
			name = Release;
		};
		CE1942E71A8BFE480052E41D /* Debug */ = {
			isa = XCBuildConfiguration;
			buildSettings = {
				ASSETCATALOG_COMPILER_APPICON_NAME = AppIcon;
				INFOPLIST_FILE = "Vehicle Recorder/Info.plist";
				LD_RUNPATH_SEARCH_PATHS = "$(inherited) @executable_path/Frameworks";
				PRODUCT_NAME = "$(TARGET_NAME)";
			};
			name = Debug;
		};
		CE1942E81A8BFE480052E41D /* Release */ = {
			isa = XCBuildConfiguration;
			buildSettings = {
				ASSETCATALOG_COMPILER_APPICON_NAME = AppIcon;
				INFOPLIST_FILE = "Vehicle Recorder/Info.plist";
				LD_RUNPATH_SEARCH_PATHS = "$(inherited) @executable_path/Frameworks";
				PRODUCT_NAME = "$(TARGET_NAME)";
			};
			name = Release;
		};
		CE1942EA1A8BFE480052E41D /* Debug */ = {
			isa = XCBuildConfiguration;
			buildSettings = {
				BUNDLE_LOADER = "$(TEST_HOST)";
				FRAMEWORK_SEARCH_PATHS = (
					"$(SDKROOT)/Developer/Library/Frameworks",
					"$(inherited)",
				);
				GCC_PREPROCESSOR_DEFINITIONS = (
					"DEBUG=1",
					"$(inherited)",
				);
				INFOPLIST_FILE = "Vehicle RecorderTests/Info.plist";
				LD_RUNPATH_SEARCH_PATHS = "$(inherited) @executable_path/Frameworks @loader_path/Frameworks";
				PRODUCT_NAME = "$(TARGET_NAME)";
				TEST_HOST = "$(BUILT_PRODUCTS_DIR)/Vehicle Recorder.app/Vehicle Recorder";
			};
			name = Debug;
		};
		CE1942EB1A8BFE480052E41D /* Release */ = {
			isa = XCBuildConfiguration;
			buildSettings = {
				BUNDLE_LOADER = "$(TEST_HOST)";
				FRAMEWORK_SEARCH_PATHS = (
					"$(SDKROOT)/Developer/Library/Frameworks",
					"$(inherited)",
				);
				INFOPLIST_FILE = "Vehicle RecorderTests/Info.plist";
				LD_RUNPATH_SEARCH_PATHS = "$(inherited) @executable_path/Frameworks @loader_path/Frameworks";
				PRODUCT_NAME = "$(TARGET_NAME)";
				TEST_HOST = "$(BUILT_PRODUCTS_DIR)/Vehicle Recorder.app/Vehicle Recorder";
			};
			name = Release;
		};
/* End XCBuildConfiguration section */

/* Begin XCConfigurationList section */
		CE1942BB1A8BFE480052E41D /* Build configuration list for PBXProject "Vehicle Recorder" */ = {
			isa = XCConfigurationList;
			buildConfigurations = (
				CE1942E41A8BFE480052E41D /* Debug */,
				CE1942E51A8BFE480052E41D /* Release */,
			);
			defaultConfigurationIsVisible = 0;
			defaultConfigurationName = Release;
		};
		CE1942E61A8BFE480052E41D /* Build configuration list for PBXNativeTarget "Vehicle Recorder" */ = {
			isa = XCConfigurationList;
			buildConfigurations = (
				CE1942E71A8BFE480052E41D /* Debug */,
				CE1942E81A8BFE480052E41D /* Release */,
			);
			defaultConfigurationIsVisible = 0;
			defaultConfigurationName = Release;
		};
		CE1942E91A8BFE480052E41D /* Build configuration list for PBXNativeTarget "Vehicle RecorderTests" */ = {
			isa = XCConfigurationList;
			buildConfigurations = (
				CE1942EA1A8BFE480052E41D /* Debug */,
				CE1942EB1A8BFE480052E41D /* Release */,
			);
			defaultConfigurationIsVisible = 0;
			defaultConfigurationName = Release;
		};
/* End XCConfigurationList section */
	};
	rootObject = CE1942B81A8BFE480052E41D /* Project object */;
}
